
Microsoft Visual Studio Solution File, Format Version 12.00
# Visual Studio Version 17
VisualStudioVersion = 17.5.33424.131
MinimumVisualStudioVersion = 10.0.40219.1
Project("{FAE04EC0-301F-11D3-BF4B-00C04F79EFBC}") = "ApiSHKAForDiplom", "ApiSHKAForDiplom\ApiSHKAForDiplom.csproj", "{2C488ECF-39CF-44F3-B261-D5A417B56245}"
EndProject
Global
	GlobalSection(SolutionConfigurationPlatforms) = preSolution
		Debug|Any CPU = Debug|Any CPU
		Release|Any CPU = Release|Any CPU
	EndGlobalSection
	GlobalSection(ProjectConfigurationPlatforms) = postSolution
		{2C488ECF-39CF-44F3-B261-D5A417B56245}.Debug|Any CPU.ActiveCfg = Debug|Any CPU
		{2C488ECF-39CF-44F3-B261-D5A417B56245}.Debug|Any CPU.Build.0 = Debug|Any CPU
		{2C488ECF-39CF-44F3-B261-D5A417B56245}.Release|Any CPU.ActiveCfg = Release|Any CPU
		{2C488ECF-39CF-44F3-B261-D5A417B56245}.Release|Any CPU.Build.0 = Release|Any CPU
	EndGlobalSection
	GlobalSection(SolutionProperties) = preSolution
		HideSolutionNode = FALSE
	EndGlobalSection
	GlobalSection(ExtensibilityGlobals) = postSolution
		SolutionGuid = {09927BA3-8759-4786-9686-638FCE81A23C}
	EndGlobalSection
EndGlobal
